<Solution>
  <Folder Name="/src/">
    <Project Path="src/Togue.App/Togue.App.csproj" />
    <Project Path="src/Togue.Core/Togue.Core.csproj" />
    <Project Path="src/Togue.Extensions/Togue.Extensions.csproj" />
  </Folder>
  <Folder Name="/tests/">
    <Project Path="tests/Togue.Core.Tests/Togue.Core.Tests.csproj" />
  </Folder>
</Solution>
