{
  "version": 2,
  "dependencies": {
    "net10.0": {
      "Microsoft.AspNetCore.App.Internal.Assets": {
        "type": "Direct",
        "requested": "[10.0.9, )",
        "resolved": "10.0.9",
        "contentHash": "E9Wp/LPKAYkGOVBv4lt5U5TnUA/7pov7QZAwF3eI64kK8AAXqkPDwuadEOwpL1WXEfgecYm0fccluvABp32D8g=="
      },
      "Photino.NET": {
        "type": "Direct",
        "requested": "[4.0.16, )",
        "resolved": "4.0.16",
        "contentHash": "2oTFsxt8XpLlVvtChlBD8HzLw6MgfHF+DQ4aLEDfgc4GbYjumEywB1JMfWDChm2Whfkr4ZF7DV2deRrpitiBcw==",
        "dependencies": {
          "Photino.Native": "4.0.22"
        }
      },
      "Photino.Native": {
        "type": "Transitive",
        "resolved": "4.0.22",
        "contentHash": "VIHipEOe4CZ7HElZE8zTwcvANOsCZ2yak/4nQ4LXzjdlwIjdbY8htmHfNR6rRPgWlCfTfT349GCa6V6Id2/Xyg=="
      },
      "tog.core": {
        "type": "Project",
        "dependencies": {
          "Markdig": "[1.4.0, )"
        }
      },
      "tog.extensions": {
        "type": "Project"
      },
      "Markdig": {
        "type": "CentralTransitive",
        "requested": "[1.4.0, )",
        "resolved": "1.4.0",
        "contentHash": "lLhaiI/mNDTNzgLqnmknhf4LjgTqOAyjx5+GNz0X3AxYMxUhmFppF2WVMdER+SDqwhE5wUF1pzs/cuLwFxs7xA=="
      }
    }
  }
}